<Solution>
  <Folder Name="/Src/">
    <Project Path="Application/Application.csproj" />
    <Project Path="Domain/Domain.csproj" />
    <Project Path="Infastructure/Infastructure.csproj" />
    <Project Path="MultiSaasTest/MultiSaasTest.csproj" />
    <Project Path="MutiSaaSApp/MutiSaaSApp.csproj" />
  </Folder>
  <Folder Name="/Src/_claude/">
    <File Path="CLAUDE.md" />
    <File Path="FEATURES.md" />
    <File Path="PLAN.md" />
  </Folder>
  <Project Path="docker-compose.dcproj">
    <Build />
  </Project>
</Solution>
